
Microsoft Visual Studio Solution File, Format Version 12.00
# Visual Studio Version 17
VisualStudioVersion = 17.14.36414.22
MinimumVisualStudioVersion = 10.0.40219.1
Project("{FAE04EC0-301F-11D3-BF4B-00C04F79EFBC}") = "HyMall_App", "HyMall_App.csproj", "{BB0E5586-BBCC-4E7F-BBA3-FC0571588DBE}"
EndProject
Global
	GlobalSection(SolutionConfigurationPlatforms) = preSolution
		Debug|Any CPU = Debug|Any CPU
		Release|Any CPU = Release|Any CPU
	EndGlobalSection
	GlobalSection(ProjectConfigurationPlatforms) = postSolution
		{BB0E5586-BBCC-4E7F-BBA3-FC0571588DBE}.Debug|Any CPU.ActiveCfg = Debug|Any CPU
		{BB0E5586-BBCC-4E7F-BBA3-FC0571588DBE}.Debug|Any CPU.Build.0 = Debug|Any CPU
		{BB0E5586-BBCC-4E7F-BBA3-FC0571588DBE}.Release|Any CPU.ActiveCfg = Release|Any CPU
		{BB0E5586-BBCC-4E7F-BBA3-FC0571588DBE}.Release|Any CPU.Build.0 = Release|Any CPU
	EndGlobalSection
	GlobalSection(SolutionProperties) = preSolution
		HideSolutionNode = FALSE
	EndGlobalSection
	GlobalSection(ExtensibilityGlobals) = postSolution
		SolutionGuid = {AF448335-DD4A-4283-ACE2-8C5EDD255E55}
	EndGlobalSection
EndGlobal
